<?xml version="1.0" encoding="utf-8"?>
<Project ToolsVersion="4.0" xmlns="http://schemas.microsoft.com/developer/msbuild/2003">
  <ItemGroup>
    <Filter Include="Object">
      <UniqueIdentifier>{4FC737F1-C7A5-4376-A066-2A32D752A2FF}</UniqueIdentifier>
      <Extensions>cpp;c;cc;cxx;c++;cppm;ixx;def;odl;idl;hpj;bat;asm;asmx</Extensions>
    </Filter>
    <Filter Include="System">
      <UniqueIdentifier>{93995380-89BD-4b04-88EB-625FBE52EBFB}</UniqueIdentifier>
      <Extensions>h;hh;hpp;hxx;h++;hm;inl;inc;ipp;xsd</Extensions>
    </Filter>
    <Filter Include="Utility">
      <UniqueIdentifier>{67DA6AB6-F800-4c08-8B7A-83BB121AAD01}</UniqueIdentifier>
      <Extensions>rc;ico;cur;bmp;dlg;rc2;rct;bin;rgs;gif;jpg;jpeg;jpe;resx;tiff;tif;png;wav;mfcribbon-ms</Extensions>
    </Filter>
    <Filter Include="Object\Player">
      <UniqueIdentifier>{7f96872b-7875-4a6b-ac62-1ffae8578dfa}</UniqueIdentifier>
    </Filter>
    <Filter Include="Object\Player\AI">
      <UniqueIdentifier>{4e7d849d-69e8-4437-9de2-cd6011b6b397}</UniqueIdentifier>
    </Filter>
  </ItemGroup>
  <ItemGroup>
    <ClCompile Include="Sor\Main.cpp" />
    <ClCompile Include="Sor\GameController.cpp" />
    <ClCompile Include="Sor\Entity.cpp" />
    <ClCompile Include="Sor\System\Drawer.cpp">
      <Filter>System</Filter>
    </ClCompile>
    <ClCompile Include="Sor\System\Inputter.cpp">
      <Filter>System</Filter>
    </ClCompile>
    <ClCompile Include="Sor\Object\PacManStage.cpp">
      <Filter>Object</Filter>
    </ClCompile>
    <ClCompile Include="Sor\Object\PacManItem.cpp">
      <Filter>Object</Filter>
    </ClCompile>
    <ClCompile Include="Sor\Object\Player\PacManMyself.cpp">
      <Filter>Object\Player</Filter>
    </ClCompile>
    <ClCompile Include="Sor\Object\Player\PacManPlayer.cpp">
      <Filter>Object\Player</Filter>
    </ClCompile>
    <ClCompile Include="Sor\Object\Player\PacManEnemy.cpp">
      <Filter>Object\Player</Filter>
    </ClCompile>
    <ClCompile Include="Sor\System\Fps.cpp">
      <Filter>System</Filter>
    </ClCompile>
    <ClCompile Include="Sor\Object\Player\AI\ChaseAI.cpp">
      <Filter>Object\Player\AI</Filter>
    </ClCompile>
    <ClCompile Include="Sor\Object\Player\AI\AIController.cpp">
      <Filter>Object\Player\AI</Filter>
    </ClCompile>
    <ClCompile Include="Sor\Object\Player\AI\StopAI.cpp">
      <Filter>Object\Player\AI</Filter>
    </ClCompile>
  </ItemGroup>
  <ItemGroup>
    <ClInclude Include="Sor\Definition.h" />
    <ClInclude Include="Sor\GameController.h" />
    <ClInclude Include="Sor\Entity.h" />
    <ClInclude Include="Sor\System\Drawer.h">
      <Filter>System</Filter>
    </ClInclude>
    <ClInclude Include="Sor\System\Inputter.h">
      <Filter>System</Filter>
    </ClInclude>
    <ClInclude Include="Sor\Object\PacManStage.h">
      <Filter>Object</Filter>
    </ClInclude>
    <ClInclude Include="Sor\Object\PacManItem.h">
      <Filter>Object</Filter>
    </ClInclude>
    <ClInclude Include="Sor\Object\Player\PacManMyself.h">
      <Filter>Object\Player</Filter>
    </ClInclude>
    <ClInclude Include="Sor\Object\Player\PacManPlayer.h">
      <Filter>Object\Player</Filter>
    </ClInclude>
    <ClInclude Include="Sor\Object\Player\PacManEnemy.h">
      <Filter>Object\Player</Filter>
    </ClInclude>
    <ClInclude Include="Sor\Utility\Vec2.h">
      <Filter>Utility</Filter>
    </ClInclude>
    <ClInclude Include="Sor\System\Fps.h">
      <Filter>System</Filter>
    </ClInclude>
    <ClInclude Include="Sor\Object\Player\AI\ChaseAI.h">
      <Filter>Object\Player\AI</Filter>
    </ClInclude>
    <ClInclude Include="Sor\Object\Player\AI\AIController.h">
      <Filter>Object\Player\AI</Filter>
    </ClInclude>
    <ClInclude Include="Sor\Object\Player\AI\StopAI.h">
      <Filter>Object\Player\AI</Filter>
    </ClInclude>
    <ClInclude Include="Sor\Object\Player\AI\AIBase.h">
      <Filter>Object\Player\AI</Filter>
    </ClInclude>
  </ItemGroup>
</Project>